
Microsoft Visual Studio Solution File, Format Version 12.00
# Visual Studio 2012
Project("{FAE04EC0-301F-11D3-BF4B-00C04F79EFBC}") = "SampleWordHelper", "SampleWordHelper\SampleWordHelper.csproj", "{B6C04CC3-5FDC-4B09-88D2-B7285CD5029D}"
EndProject
Global
	GlobalSection(SolutionConfigurationPlatforms) = preSolution
		Debug|Any CPU = Debug|Any CPU
		Release|Any CPU = Release|Any CPU
	EndGlobalSection
	GlobalSection(ProjectConfigurationPlatforms) = postSolution
		{B6C04CC3-5FDC-4B09-88D2-B7285CD5029D}.Debug|Any CPU.ActiveCfg = Debug|Any CPU
		{B6C04CC3-5FDC-4B09-88D2-B7285CD5029D}.Debug|Any CPU.Build.0 = Debug|Any CPU
		{B6C04CC3-5FDC-4B09-88D2-B7285CD5029D}.Release|Any CPU.ActiveCfg = Release|Any CPU
		{B6C04CC3-5FDC-4B09-88D2-B7285CD5029D}.Release|Any CPU.Build.0 = Release|Any CPU
	EndGlobalSection
	GlobalSection(SolutionProperties) = preSolution
		HideSolutionNode = FALSE
	EndGlobalSection
EndGlobal
